
Microsoft Visual Studio Solution File, Format Version 12.00
# Visual Studio Version 16
VisualStudioVersion = 16.0.31313.79
MinimumVisualStudioVersion = 10.0.40219.1
Project("{FAE04EC0-301F-11D3-BF4B-00C04F79EFBC}") = "HomeWork3", "HomeWork3\HomeWork3.csproj", "{04221240-3860-4636-850B-5A1790BCDC28}"
EndProject
Project("{FAE04EC0-301F-11D3-BF4B-00C04F79EFBC}") = "ComplexLibrary", "ComplexLibrary\ComplexLibrary.csproj", "{C3BC6DC6-68FE-4029-A27F-0FD5D73A1695}"
EndProject
Global
	GlobalSection(SolutionConfigurationPlatforms) = preSolution
		Debug|Any CPU = Debug|Any CPU
		Release|Any CPU = Release|Any CPU
	EndGlobalSection
	GlobalSection(ProjectConfigurationPlatforms) = postSolution
		{04221240-3860-4636-850B-5A1790BCDC28}.Debug|Any CPU.ActiveCfg = Debug|Any CPU
		{04221240-3860-4636-850B-5A1790BCDC28}.Debug|Any CPU.Build.0 = Debug|Any CPU
		{04221240-3860-4636-850B-5A1790BCDC28}.Release|Any CPU.ActiveCfg = Release|Any CPU
		{04221240-3860-4636-850B-5A1790BCDC28}.Release|Any CPU.Build.0 = Release|Any CPU
		{C3BC6DC6-68FE-4029-A27F-0FD5D73A1695}.Debug|Any CPU.ActiveCfg = Debug|Any CPU
		{C3BC6DC6-68FE-4029-A27F-0FD5D73A1695}.Debug|Any CPU.Build.0 = Debug|Any CPU
		{C3BC6DC6-68FE-4029-A27F-0FD5D73A1695}.Release|Any CPU.ActiveCfg = Release|Any CPU
		{C3BC6DC6-68FE-4029-A27F-0FD5D73A1695}.Release|Any CPU.Build.0 = Release|Any CPU
	EndGlobalSection
	GlobalSection(SolutionProperties) = preSolution
		HideSolutionNode = FALSE
	EndGlobalSection
	GlobalSection(ExtensibilityGlobals) = postSolution
		SolutionGuid = {5ACEB21A-573A-4CAB-A13A-725F13629FAC}
	EndGlobalSection
EndGlobal
